
Microsoft Visual Studio Solution File, Format Version 12.00
# Visual Studio 14
VisualStudioVersion = 14.0.25420.1
MinimumVisualStudioVersion = 10.0.40219.1
Project("{FAE04EC0-301F-11D3-BF4B-00C04F79EFBC}") = "Wax", "Wax.csproj", "{CD78CB57-BF27-4E39-9F48-473CB4388922}"
EndProject
Project("{FAE04EC0-301F-11D3-BF4B-00C04F79EFBC}") = "WaxUnitTest", "WaxUnitTest\WaxUnitTest.csproj", "{40FF2CB9-2073-4795-B327-2DE0E1C76108}"
EndProject
Global
	GlobalSection(SolutionConfigurationPlatforms) = preSolution
		Debug|Any CPU = Debug|Any CPU
		Release|Any CPU = Release|Any CPU
	EndGlobalSection
	GlobalSection(ProjectConfigurationPlatforms) = postSolution
		{CD78CB57-BF27-4E39-9F48-473CB4388922}.Debug|Any CPU.ActiveCfg = Debug|Any CPU
		{CD78CB57-BF27-4E39-9F48-473CB4388922}.Debug|Any CPU.Build.0 = Debug|Any CPU
		{CD78CB57-BF27-4E39-9F48-473CB4388922}.Release|Any CPU.ActiveCfg = Release|Any CPU
		{CD78CB57-BF27-4E39-9F48-473CB4388922}.Release|Any CPU.Build.0 = Release|Any CPU
		{40FF2CB9-2073-4795-B327-2DE0E1C76108}.Debug|Any CPU.ActiveCfg = Debug|Any CPU
		{40FF2CB9-2073-4795-B327-2DE0E1C76108}.Debug|Any CPU.Build.0 = Debug|Any CPU
		{40FF2CB9-2073-4795-B327-2DE0E1C76108}.Release|Any CPU.ActiveCfg = Release|Any CPU
		{40FF2CB9-2073-4795-B327-2DE0E1C76108}.Release|Any CPU.Build.0 = Release|Any CPU
	EndGlobalSection
	GlobalSection(SolutionProperties) = preSolution
		HideSolutionNode = FALSE
	EndGlobalSection
EndGlobal
